PODS:
<<<<<<< HEAD
  - AFNetworking (3.1.0):
    - AFNetworking/NSURLSession (= 3.1.0)
    - AFNetworking/Reachability (= 3.1.0)
    - AFNetworking/Security (= 3.1.0)
    - AFNetworking/Serialization (= 3.1.0)
    - AFNetworking/UIKit (= 3.1.0)
  - AFNetworking/NSURLSession (3.1.0):
    - AFNetworking/Reachability
    - AFNetworking/Security
    - AFNetworking/Serialization
  - AFNetworking/Reachability (3.1.0)
  - AFNetworking/Security (3.1.0)
  - AFNetworking/Serialization (3.1.0)
  - AFNetworking/UIKit (3.1.0):
    - AFNetworking/NSURLSession
  - AVOSCloud (3.7.1)
  - AVOSCloudCrashReporting (3.7.1):
    - AVOSCloud (= 3.7.1)
    - AVOSCloudCrashReporting/_ARC (= 3.7.1)
    - AVOSCloudCrashReporting/_NOARC (= 3.7.1)
  - AVOSCloudCrashReporting/_ARC (3.7.1):
    - AVOSCloud (= 3.7.1)
    - AVOSCloudCrashReporting/_NOARC (= 3.7.1)
  - AVOSCloudCrashReporting/_NOARC (3.7.1):
    - AVOSCloud (= 3.7.1)
  - AVOSCloudIM (3.7.1):
    - AVOSCloud (= 3.7.1)
    - AVOSCloudIM/_ARC (= 3.7.1)
    - AVOSCloudIM/_NOARC (= 3.7.1)
  - AVOSCloudIM/_ARC (3.7.1):
    - AVOSCloud (= 3.7.1)
    - AVOSCloudIM/_NOARC (= 3.7.1)
  - AVOSCloudIM/_NOARC (3.7.1):
    - AVOSCloud (= 3.7.1)
  - ChatKit (0.8.5):
    - AVOSCloud (~> 3.7.1)
    - AVOSCloudIM (~> 3.7.1)
=======
  - AVOSCloud (3.8.2)
  - AVOSCloudIM (3.8.2):
    - AVOSCloud (= 3.8.2)
    - AVOSCloudIM/_ARC (= 3.8.2)
    - AVOSCloudIM/_NOARC (= 3.8.2)
  - AVOSCloudIM/_ARC (3.8.2):
    - AVOSCloud (= 3.8.2)
    - AVOSCloudIM/_NOARC (= 3.8.2)
  - AVOSCloudIM/_NOARC (3.8.2):
    - AVOSCloud (= 3.8.2)
  - ChatKit (0.8.10):
    - AVOSCloud (~> 3.8.2)
    - AVOSCloudIM (~> 3.8.2)
    - CYLDeallocBlockExecutor (~> 1.1.2)
>>>>>>> bf40f696574c7f06d8a1232e3f9594c56573ffde
    - DACircularProgress (~> 2.3.1)
    - FDStackView (~> 1.0)
    - FMDB (~> 2.6.2)
    - Masonry (~> 1.0.1)
    - MJRefresh (~> 3.1.9)
    - MLLabel (~> 1.9.2)
    - MWPhotoBrowser (~> 2.1.2)
    - pop (~> 1.0.9)
    - SDWebImage (~> 3.8.0)
    - UITableView+FDTemplateLayoutCell (~> 1.5.beta)
<<<<<<< HEAD
=======
  - CYLDeallocBlockExecutor (1.1.2)
>>>>>>> bf40f696574c7f06d8a1232e3f9594c56573ffde
  - DACircularProgress (2.3.1)
  - FDStackView (1.0)
  - FMDB (2.6.2):
    - FMDB/standard (= 2.6.2)
  - FMDB/standard (2.6.2)
  - Masonry (1.0.2)
  - MBProgressHUD (0.9.2)
  - MJRefresh (3.1.12)
  - MLLabel (1.9.2)
  - MWPhotoBrowser (2.1.2):
    - DACircularProgress (~> 2.3)
    - MBProgressHUD (~> 0.9)
    - SDWebImage (!= 3.7.2, ~> 3.7)
  - pop (1.0.9)
  - SDWebImage (3.8.2):
    - SDWebImage/Core (= 3.8.2)
  - SDWebImage/Core (3.8.2)
  - UITableView+FDTemplateLayoutCell (1.5.beta)

DEPENDENCIES:
<<<<<<< HEAD
  - AFNetworking
  - AVOSCloud
  - AVOSCloudCrashReporting
  - AVOSCloudIM
  - ChatKit (= 0.8.5)
  - Masonry
  - MBProgressHUD
  - MJRefresh
  - SDWebImage

SPEC CHECKSUMS:
  AFNetworking: 5e0e199f73d8626b11e79750991f5d173d1f8b67
  AVOSCloud: 0ef0e068cbbe871c79257a501555c3e67fe8d866
  AVOSCloudCrashReporting: ffe83b9160f90f5f98287c3b22264cad7ddab9d5
  AVOSCloudIM: 32f1beb173becc0264967a81a606ef538fd8687f
  ChatKit: 83cb69cda88a43921821f7b5712a7bf94125d88c
=======
  - ChatKit

SPEC CHECKSUMS:
  AVOSCloud: fc3a1ae341a1421b66f8828fbc9850ddb6eaaa7c
  AVOSCloudIM: 7c8ba883afde0f0bceabd5aa9856d407bb4b06ee
  ChatKit: 0b2c5079782f8829a6ae08e7834b02ce530b798b
  CYLDeallocBlockExecutor: ecf39e45dcead9e120f460df5668b8f5093d178e
>>>>>>> bf40f696574c7f06d8a1232e3f9594c56573ffde
  DACircularProgress: 4dd437c0fc3da5161cb289e07ac449493d41db71
  FDStackView: 3a4bbe0ce9c35e974246a585168b9da8c32213f1
  FMDB: 854a0341b4726e53276f2a8996f06f1b80f9259a
  Masonry: 7c429b56da9d4ee0bbb3ed77a5ea710d6a5df39e
  MBProgressHUD: 1569cf7ace17a8bac47aabfbb8580a49690386d1
  MJRefresh: b96cdb21c4aa75a7b07654311ab2f315c497e806
  MLLabel: df58127ce0bd1f87890ecc3232db77a85ce4cd97
  MWPhotoBrowser: 5836d7aa041dc05a13de380c246826578adc5ea5
  pop: f667631a5108a2e60d9e8797c9b32ddaf2080bce
  SDWebImage: 098e97e6176540799c27e804c96653ee0833d13c
  UITableView+FDTemplateLayoutCell: 02b508ab1cb4cea16a8c17ac83d2cd1fd72124f9

<<<<<<< HEAD
PODFILE CHECKSUM: 01ee13926d576d9a96816b85485a03e71723b2b0
=======
PODFILE CHECKSUM: 0f330e36a3b9cf0289d0f889a37e5b9b73329369
>>>>>>> bf40f696574c7f06d8a1232e3f9594c56573ffde

COCOAPODS: 1.2.0
