PODS:
  - AVOSCloud (3.8.2)
  - AVOSCloudIM (3.8.2):
    - AVOSCloud (= 3.8.2)
    - AVOSCloudIM/_ARC (= 3.8.2)
    - AVOSCloudIM/_NOARC (= 3.8.2)
  - AVOSCloudIM/_ARC (3.8.2):
    - AVOSCloud (= 3.8.2)
    - AVOSCloudIM/_NOARC (= 3.8.2)
  - AVOSCloudIM/_NOARC (3.8.2):
    - AVOSCloud (= 3.8.2)
  - ChatKit (0.8.10):
    - AVOSCloud (~> 3.8.2)
    - AVOSCloudIM (~> 3.8.2)
    - CYLDeallocBlockExecutor (~> 1.1.2)
    - DACircularProgress (~> 2.3.1)
    - FDStackView (~> 1.0)
    - FMDB (~> 2.6.2)
    - Masonry (~> 1.0.1)
    - MJRefresh (~> 3.1.9)
    - MLLabel (~> 1.9.2)
    - MWPhotoBrowser (~> 2.1.2)
    - pop (~> 1.0.9)
    - SDWebImage (~> 3.8.0)
    - UITableView+FDTemplateLayoutCell (~> 1.5.beta)
  - CYLDeallocBlockExecutor (1.1.2)
  - DACircularProgress (2.3.1)
  - FDStackView (1.0)
  - FMDB (2.6.2):
    - FMDB/standard (= 2.6.2)
  - FMDB/standard (2.6.2)
  - Masonry (1.0.2)
  - MBProgressHUD (0.9.2)
  - MJRefresh (3.1.12)
  - MLLabel (1.9.2)
  - MWPhotoBrowser (2.1.2):
    - DACircularProgress (~> 2.3)
    - MBProgressHUD (~> 0.9)
    - SDWebImage (!= 3.7.2, ~> 3.7)
  - pop (1.0.9)
  - SDWebImage (3.8.2):
    - SDWebImage/Core (= 3.8.2)
  - SDWebImage/Core (3.8.2)
  - UITableView+FDTemplateLayoutCell (1.5.beta)

DEPENDENCIES:
  - ChatKit

SPEC CHECKSUMS:
  AVOSCloud: fc3a1ae341a1421b66f8828fbc9850ddb6eaaa7c
  AVOSCloudIM: 7c8ba883afde0f0bceabd5aa9856d407bb4b06ee
  ChatKit: 0b2c5079782f8829a6ae08e7834b02ce530b798b
  CYLDeallocBlockExecutor: ecf39e45dcead9e120f460df5668b8f5093d178e
  DACircularProgress: 4dd437c0fc3da5161cb289e07ac449493d41db71
  FDStackView: 3a4bbe0ce9c35e974246a585168b9da8c32213f1
  FMDB: 854a0341b4726e53276f2a8996f06f1b80f9259a
  Masonry: 7c429b56da9d4ee0bbb3ed77a5ea710d6a5df39e
  MBProgressHUD: 1569cf7ace17a8bac47aabfbb8580a49690386d1
  MJRefresh: b96cdb21c4aa75a7b07654311ab2f315c497e806
  MLLabel: df58127ce0bd1f87890ecc3232db77a85ce4cd97
  MWPhotoBrowser: 5836d7aa041dc05a13de380c246826578adc5ea5
  pop: f667631a5108a2e60d9e8797c9b32ddaf2080bce
  SDWebImage: 098e97e6176540799c27e804c96653ee0833d13c
  UITableView+FDTemplateLayoutCell: 02b508ab1cb4cea16a8c17ac83d2cd1fd72124f9

PODFILE CHECKSUM: 0f330e36a3b9cf0289d0f889a37e5b9b73329369

COCOAPODS: 1.2.0
